
Microsoft Visual Studio Solution File, Format Version 12.00
# Visual Studio Version 16
VisualStudioVersion = 16.0.30717.126
MinimumVisualStudioVersion = 10.0.40219.1
Project("{2150E333-8FDC-42A3-9474-1A3956D46DE8}") = "Domain", "Domain", "{ED1EAD0B-1DDB-4C1A-A7E3-A2B99C48D107}"
EndProject
Project("{FAE04EC0-301F-11D3-BF4B-00C04F79EFBC}") = "Lead.Management.Domain", "Lead.Management.Domain\Lead.Management.Domain.csproj", "{0C07F12F-F5D1-43F7-9F94-05CF0BE41958}"
EndProject
Project("{2150E333-8FDC-42A3-9474-1A3956D46DE8}") = "Infrastructure", "Infrastructure", "{94AD87A5-D190-4521-99AC-A850642B6979}"
EndProject
Project("{FAE04EC0-301F-11D3-BF4B-00C04F79EFBC}") = "Lead.Management.Infrastructure", "Lead.Management.Infrastructure\Lead.Management.Infrastructure.csproj", "{612619E9-B7E4-4242-B56D-5CD07E1EE72A}"
EndProject
Global
	GlobalSection(SolutionConfigurationPlatforms) = preSolution
		Debug|Any CPU = Debug|Any CPU
		Release|Any CPU = Release|Any CPU
	EndGlobalSection
	GlobalSection(ProjectConfigurationPlatforms) = postSolution
		{0C07F12F-F5D1-43F7-9F94-05CF0BE41958}.Debug|Any CPU.ActiveCfg = Debug|Any CPU
		{0C07F12F-F5D1-43F7-9F94-05CF0BE41958}.Debug|Any CPU.Build.0 = Debug|Any CPU
		{0C07F12F-F5D1-43F7-9F94-05CF0BE41958}.Release|Any CPU.ActiveCfg = Release|Any CPU
		{0C07F12F-F5D1-43F7-9F94-05CF0BE41958}.Release|Any CPU.Build.0 = Release|Any CPU
		{612619E9-B7E4-4242-B56D-5CD07E1EE72A}.Debug|Any CPU.ActiveCfg = Debug|Any CPU
		{612619E9-B7E4-4242-B56D-5CD07E1EE72A}.Debug|Any CPU.Build.0 = Debug|Any CPU
		{612619E9-B7E4-4242-B56D-5CD07E1EE72A}.Release|Any CPU.ActiveCfg = Release|Any CPU
		{612619E9-B7E4-4242-B56D-5CD07E1EE72A}.Release|Any CPU.Build.0 = Release|Any CPU
	EndGlobalSection
	GlobalSection(SolutionProperties) = preSolution
		HideSolutionNode = FALSE
	EndGlobalSection
	GlobalSection(NestedProjects) = preSolution
		{0C07F12F-F5D1-43F7-9F94-05CF0BE41958} = {ED1EAD0B-1DDB-4C1A-A7E3-A2B99C48D107}
		{612619E9-B7E4-4242-B56D-5CD07E1EE72A} = {94AD87A5-D190-4521-99AC-A850642B6979}
	EndGlobalSection
	GlobalSection(ExtensibilityGlobals) = postSolution
		SolutionGuid = {28B7730D-F30A-45EA-B3CD-852999E4CA22}
	EndGlobalSection
EndGlobal
